# This file is autogenerated, do not edit; changes may be undone by the next 'dep ensure'.


[[projects]]
  branch = "master"
  digest = "1:2cb4c0b755d93f2851e5ee6a1f0728a3c94c95ad3137b6470c8d787bef04130c"
  name = "knative.dev/test-infra"
  packages = ["scripts"]
  pruneopts = "UT"
  revision = "ee08b33b3cf07d7cae113e0b66cd7bbcc8c6ca43"

[solve-meta]
  analyzer-name = "dep"
  analyzer-version = 1
  input-imports = ["knative.dev/test-infra/scripts"]
  solver-name = "gps-cdcl"
  solver-version = 1
