# This file is autogenerated, do not edit; changes may be undone by the next 'dep ensure'.


[[projects]]
  branch = "master"
  digest = "1:c41ef8736a012d015872fee1162c014992cfc9c744d87a7c74fd4a2e9e7c6a5b"
  name = "knative.dev/test-infra"
  packages = ["scripts"]
  pruneopts = "UT"
  revision = "ba482fa7480cd931a2f4acd47302aaacc8431c01"

[solve-meta]
  analyzer-name = "dep"
  analyzer-version = 1
  input-imports = ["knative.dev/test-infra/scripts"]
  solver-name = "gps-cdcl"
  solver-version = 1
